github.com/stevearc/conform.nvim:master:973f3cb73887d510321653044791d7937c7ec0fa:start
github.com/github/copilot.vim:release:12995dffe10282b29b8335650bf3e7457f4870e7:start
github.com/sainnhe/everforest:master:f40c2e6c8784c99c57c79edc94cd180e76450222:start
github.com/echasnovski/mini.nvim:main:c122e852517adaf7257688e435369c050da113b1:start
github.com/neovim/nvim-lspconfig:master:169745f176f58becad80363c3f8f2315ed6bb365:start
github.com/nvim-treesitter/nvim-treesitter:master:42fc28ba918343ebfd5565147a42a26580579482:start
github.com/tpope/vim-sleuth:master:be69bff86754b1aa5adcbb527d7fcd1635a84080:start
github.com/rafamadriz/friendly-snippets:main:572f5660cf05f8cd8834e096d7b4c921ba18e175:opt
github.com/folke/lazydev.nvim:main:2367a6c0a01eb9edb0464731cc0fb61ed9ab9d2c:opt
