github.com/stevearc/conform.nvim:master:973f3cb73887d510321653044791d7937c7ec0fa:start
github.com/github/copilot.vim:release:12995dffe10282b29b8335650bf3e7457f4870e7:start
github.com/sainnhe/everforest:master:f40c2e6c8784c99c57c79edc94cd180e76450222:start
github.com/echasnovski/mini.nvim:main:432a0614f8dc38715892b0eec537716457ea4c2f:start
github.com/neovim/nvim-lspconfig:master:f47cd681d7cb6048876a2e908b6d8ba1e530d152:start
github.com/nvim-treesitter/nvim-treesitter:master:42fc28ba918343ebfd5565147a42a26580579482:start
github.com/luukvbaal/statuscol.nvim:main:c46172d0911aa5d49ba5f39f4351d1bb7aa289cc:start
github.com/tpope/vim-sleuth:master:be69bff86754b1aa5adcbb527d7fcd1635a84080:start
github.com/rafamadriz/friendly-snippets:main:572f5660cf05f8cd8834e096d7b4c921ba18e175:opt
github.com/folke/lazydev.nvim:main:2367a6c0a01eb9edb0464731cc0fb61ed9ab9d2c:opt
